
Microsoft Visual Studio Solution File, Format Version 12.00
# Visual Studio 15
VisualStudioVersion = 15.0.28307.1082
MinimumVisualStudioVersion = 10.0.40219.1
Project("{8BC9CEB8-8B4A-11D0-8D11-00A0C91BC942}") = "IntroductionToOOP", "IntroductionToOOP\IntroductionToOOP.vcxproj", "{59ACFEAE-1C64-4E00-A2C7-5F8DECB9F66E}"
EndProject
Project("{8BC9CEB8-8B4A-11D0-8D11-00A0C91BC942}") = "HomeWork", "HomeWork\HomeWork.vcxproj", "{4594C151-5921-4A1F-B989-9CDE10AFFA1B}"
EndProject
Project("{8BC9CEB8-8B4A-11D0-8D11-00A0C91BC942}") = "Fraction", "Fraction\Fraction.vcxproj", "{C8B4A686-C4BB-49C8-9EA7-45291470E824}"
EndProject
Global
	GlobalSection(SolutionConfigurationPlatforms) = preSolution
		Debug|x64 = Debug|x64
		Debug|x86 = Debug|x86
		Release|x64 = Release|x64
		Release|x86 = Release|x86
	EndGlobalSection
	GlobalSection(ProjectConfigurationPlatforms) = postSolution
		{59ACFEAE-1C64-4E00-A2C7-5F8DECB9F66E}.Debug|x64.ActiveCfg = Debug|x64
		{59ACFEAE-1C64-4E00-A2C7-5F8DECB9F66E}.Debug|x64.Build.0 = Debug|x64
		{59ACFEAE-1C64-4E00-A2C7-5F8DECB9F66E}.Debug|x86.ActiveCfg = Debug|Win32
		{59ACFEAE-1C64-4E00-A2C7-5F8DECB9F66E}.Debug|x86.Build.0 = Debug|Win32
		{59ACFEAE-1C64-4E00-A2C7-5F8DECB9F66E}.Release|x64.ActiveCfg = Release|x64
		{59ACFEAE-1C64-4E00-A2C7-5F8DECB9F66E}.Release|x64.Build.0 = Release|x64
		{59ACFEAE-1C64-4E00-A2C7-5F8DECB9F66E}.Release|x86.ActiveCfg = Release|Win32
		{59ACFEAE-1C64-4E00-A2C7-5F8DECB9F66E}.Release|x86.Build.0 = Release|Win32
		{4594C151-5921-4A1F-B989-9CDE10AFFA1B}.Debug|x64.ActiveCfg = Debug|x64
		{4594C151-5921-4A1F-B989-9CDE10AFFA1B}.Debug|x64.Build.0 = Debug|x64
		{4594C151-5921-4A1F-B989-9CDE10AFFA1B}.Debug|x86.ActiveCfg = Debug|Win32
		{4594C151-5921-4A1F-B989-9CDE10AFFA1B}.Debug|x86.Build.0 = Debug|Win32
		{4594C151-5921-4A1F-B989-9CDE10AFFA1B}.Release|x64.ActiveCfg = Release|x64
		{4594C151-5921-4A1F-B989-9CDE10AFFA1B}.Release|x64.Build.0 = Release|x64
		{4594C151-5921-4A1F-B989-9CDE10AFFA1B}.Release|x86.ActiveCfg = Release|Win32
		{4594C151-5921-4A1F-B989-9CDE10AFFA1B}.Release|x86.Build.0 = Release|Win32
		{C8B4A686-C4BB-49C8-9EA7-45291470E824}.Debug|x64.ActiveCfg = Debug|x64
		{C8B4A686-C4BB-49C8-9EA7-45291470E824}.Debug|x64.Build.0 = Debug|x64
		{C8B4A686-C4BB-49C8-9EA7-45291470E824}.Debug|x86.ActiveCfg = Debug|Win32
		{C8B4A686-C4BB-49C8-9EA7-45291470E824}.Debug|x86.Build.0 = Debug|Win32
		{C8B4A686-C4BB-49C8-9EA7-45291470E824}.Release|x64.ActiveCfg = Release|x64
		{C8B4A686-C4BB-49C8-9EA7-45291470E824}.Release|x64.Build.0 = Release|x64
		{C8B4A686-C4BB-49C8-9EA7-45291470E824}.Release|x86.ActiveCfg = Release|Win32
		{C8B4A686-C4BB-49C8-9EA7-45291470E824}.Release|x86.Build.0 = Release|Win32
	EndGlobalSection
	GlobalSection(SolutionProperties) = preSolution
		HideSolutionNode = FALSE
	EndGlobalSection
	GlobalSection(ExtensibilityGlobals) = postSolution
		SolutionGuid = {6743B113-7C3D-4C81-8323-1F8FC98554CF}
	EndGlobalSection
EndGlobal
