
Microsoft Visual Studio Solution File, Format Version 12.00
# Visual Studio 15
VisualStudioVersion = 15.0.28307.1082
MinimumVisualStudioVersion = 10.0.40219.1
Project("{8BC9CEB8-8B4A-11D0-8D11-00A0C91BC942}") = "Inheritance", "Inheritance\Inheritance.vcxproj", "{CA23F844-4E66-4E65-B27A-D2AEAD7621A0}"
EndProject
Project("{8BC9CEB8-8B4A-11D0-8D11-00A0C91BC942}") = "Files", "Files\Files.vcxproj", "{E321092D-54C9-4B97-BFD6-2BB6E185813B}"
EndProject
Project("{8BC9CEB8-8B4A-11D0-8D11-00A0C91BC942}") = "AbstractBaseClass", "AbstractBaseClass\AbstractBaseClass.vcxproj", "{743CB0C9-0A5D-413F-98A1-D4306E2442A3}"
EndProject
Project("{8BC9CEB8-8B4A-11D0-8D11-00A0C91BC942}") = "AbstractGeometry", "AbstractGeometry\AbstractGeometry.vcxproj", "{165991AF-C77C-4238-BD57-5DA0CB3DCA19}"
EndProject
Global
	GlobalSection(SolutionConfigurationPlatforms) = preSolution
		Debug|x64 = Debug|x64
		Debug|x86 = Debug|x86
		Release|x64 = Release|x64
		Release|x86 = Release|x86
	EndGlobalSection
	GlobalSection(ProjectConfigurationPlatforms) = postSolution
		{CA23F844-4E66-4E65-B27A-D2AEAD7621A0}.Debug|x64.ActiveCfg = Debug|x64
		{CA23F844-4E66-4E65-B27A-D2AEAD7621A0}.Debug|x64.Build.0 = Debug|x64
		{CA23F844-4E66-4E65-B27A-D2AEAD7621A0}.Debug|x86.ActiveCfg = Debug|Win32
		{CA23F844-4E66-4E65-B27A-D2AEAD7621A0}.Debug|x86.Build.0 = Debug|Win32
		{CA23F844-4E66-4E65-B27A-D2AEAD7621A0}.Release|x64.ActiveCfg = Release|x64
		{CA23F844-4E66-4E65-B27A-D2AEAD7621A0}.Release|x64.Build.0 = Release|x64
		{CA23F844-4E66-4E65-B27A-D2AEAD7621A0}.Release|x86.ActiveCfg = Release|Win32
		{CA23F844-4E66-4E65-B27A-D2AEAD7621A0}.Release|x86.Build.0 = Release|Win32
		{E321092D-54C9-4B97-BFD6-2BB6E185813B}.Debug|x64.ActiveCfg = Debug|x64
		{E321092D-54C9-4B97-BFD6-2BB6E185813B}.Debug|x64.Build.0 = Debug|x64
		{E321092D-54C9-4B97-BFD6-2BB6E185813B}.Debug|x86.ActiveCfg = Debug|Win32
		{E321092D-54C9-4B97-BFD6-2BB6E185813B}.Debug|x86.Build.0 = Debug|Win32
		{E321092D-54C9-4B97-BFD6-2BB6E185813B}.Release|x64.ActiveCfg = Release|x64
		{E321092D-54C9-4B97-BFD6-2BB6E185813B}.Release|x64.Build.0 = Release|x64
		{E321092D-54C9-4B97-BFD6-2BB6E185813B}.Release|x86.ActiveCfg = Release|Win32
		{E321092D-54C9-4B97-BFD6-2BB6E185813B}.Release|x86.Build.0 = Release|Win32
		{743CB0C9-0A5D-413F-98A1-D4306E2442A3}.Debug|x64.ActiveCfg = Debug|x64
		{743CB0C9-0A5D-413F-98A1-D4306E2442A3}.Debug|x64.Build.0 = Debug|x64
		{743CB0C9-0A5D-413F-98A1-D4306E2442A3}.Debug|x86.ActiveCfg = Debug|Win32
		{743CB0C9-0A5D-413F-98A1-D4306E2442A3}.Debug|x86.Build.0 = Debug|Win32
		{743CB0C9-0A5D-413F-98A1-D4306E2442A3}.Release|x64.ActiveCfg = Release|x64
		{743CB0C9-0A5D-413F-98A1-D4306E2442A3}.Release|x64.Build.0 = Release|x64
		{743CB0C9-0A5D-413F-98A1-D4306E2442A3}.Release|x86.ActiveCfg = Release|Win32
		{743CB0C9-0A5D-413F-98A1-D4306E2442A3}.Release|x86.Build.0 = Release|Win32
		{165991AF-C77C-4238-BD57-5DA0CB3DCA19}.Debug|x64.ActiveCfg = Debug|x64
		{165991AF-C77C-4238-BD57-5DA0CB3DCA19}.Debug|x64.Build.0 = Debug|x64
		{165991AF-C77C-4238-BD57-5DA0CB3DCA19}.Debug|x86.ActiveCfg = Debug|Win32
		{165991AF-C77C-4238-BD57-5DA0CB3DCA19}.Debug|x86.Build.0 = Debug|Win32
		{165991AF-C77C-4238-BD57-5DA0CB3DCA19}.Release|x64.ActiveCfg = Release|x64
		{165991AF-C77C-4238-BD57-5DA0CB3DCA19}.Release|x64.Build.0 = Release|x64
		{165991AF-C77C-4238-BD57-5DA0CB3DCA19}.Release|x86.ActiveCfg = Release|Win32
		{165991AF-C77C-4238-BD57-5DA0CB3DCA19}.Release|x86.Build.0 = Release|Win32
	EndGlobalSection
	GlobalSection(SolutionProperties) = preSolution
		HideSolutionNode = FALSE
	EndGlobalSection
	GlobalSection(ExtensibilityGlobals) = postSolution
		SolutionGuid = {A23B8E73-212A-4153-A2D8-6FBFE7E45145}
	EndGlobalSection
EndGlobal
